
Microsoft Visual Studio Solution File, Format Version 12.00
# Visual Studio 15
VisualStudioVersion = 15.0.28307.960
MinimumVisualStudioVersion = 10.0.40219.1
Project("{FAE04EC0-301F-11D3-BF4B-00C04F79EFBC}") = "CP.Web", "CP.Web\CP.Web.csproj", "{A322BC53-7922-494D-B084-B0921B82C8A8}"
EndProject
Project("{FAE04EC0-301F-11D3-BF4B-00C04F79EFBC}") = "CP.Data", "CP.Data\CP.Data.csproj", "{42A02698-205A-4F40-9738-71A1B27BE8A5}"
EndProject
Global
	GlobalSection(SolutionConfigurationPlatforms) = preSolution
		Debug|Any CPU = Debug|Any CPU
		Release|Any CPU = Release|Any CPU
	EndGlobalSection
	GlobalSection(ProjectConfigurationPlatforms) = postSolution
		{A322BC53-7922-494D-B084-B0921B82C8A8}.Debug|Any CPU.ActiveCfg = Debug|Any CPU
		{A322BC53-7922-494D-B084-B0921B82C8A8}.Debug|Any CPU.Build.0 = Debug|Any CPU
		{A322BC53-7922-494D-B084-B0921B82C8A8}.Release|Any CPU.ActiveCfg = Release|Any CPU
		{A322BC53-7922-494D-B084-B0921B82C8A8}.Release|Any CPU.Build.0 = Release|Any CPU
		{42A02698-205A-4F40-9738-71A1B27BE8A5}.Debug|Any CPU.ActiveCfg = Debug|Any CPU
		{42A02698-205A-4F40-9738-71A1B27BE8A5}.Debug|Any CPU.Build.0 = Debug|Any CPU
		{42A02698-205A-4F40-9738-71A1B27BE8A5}.Release|Any CPU.ActiveCfg = Release|Any CPU
		{42A02698-205A-4F40-9738-71A1B27BE8A5}.Release|Any CPU.Build.0 = Release|Any CPU
	EndGlobalSection
	GlobalSection(SolutionProperties) = preSolution
		HideSolutionNode = FALSE
	EndGlobalSection
	GlobalSection(ExtensibilityGlobals) = postSolution
		SolutionGuid = {7137FBE1-1A7F-4E0D-B90B-39F9A484DB39}
	EndGlobalSection
EndGlobal
